<Solution>
  <Configurations>
    <Platform Name="Any CPU" />
    <Platform Name="x64" />
    <Platform Name="x86" />
  </Configurations>
  <Folder Name="/_BuildProps/">
    <File Path="Directory.Build.props" />
    <File Path="Directory.Packages.props" />
  </Folder>
  <Folder Name="/_BuildProps/test/">
    <File Path="test/Directory.Build.props" />
  </Folder>
  <Project Path="../test-sites/Website-V17/Website-V17.csproj" />
  <Project Path="code/Umbraco.Community.PagespeedOptimizer.BackOffice/Umbraco.Community.PagespeedOptimizer.BackOffice.csproj" />
  <Project Path="code/Umbraco.Community.PagespeedOptimizer.Core/Umbraco.Community.PagespeedOptimizer.Core.csproj" />
  <Project Path="code/Umbraco.Community.PagespeedOptimizer.Infrastructure/Umbraco.Community.PagespeedOptimizer.Infrastructure.csproj" />
  <Project Path="code/Umbraco.Community.PagespeedOptimizer/Umbraco.Community.PagespeedOptimizer.csproj" />
  <Project Path="test/Umbraco.Community.PagespeedOptimizer.BackOffice.Tests/Umbraco.Community.PagespeedOptimizer.BackOffice.Tests.csproj" />
  <Project Path="test/Umbraco.Community.PagespeedOptimizer.Infrastructure.Tests/Umbraco.Community.PagespeedOptimizer.Infrastructure.Tests.csproj" />
</Solution>
